# This file is automatically @generated by Cargo.
# It is not intended for manual editing.
version = 4

[[package]]
name = "adler32"
version = "1.2.0"
source = "registry+https://github.com/rust-lang/crates.io-index"
checksum = "aae1277d39aeec15cb388266ecc24b11c80469deae6067e17a1a7aa9e5c1f234"

[[package]]
name = "allocator-api2"
version = "0.2.21"
source = "registry+https://github.com/rust-lang/crates.io-index"
checksum = "683d7910e743518b0e34f1186f92494becacb047c7b6bf616c96772180fef923"

[[package]]
name = "bytecount"
version = "0.6.9"
source = "registry+https://github.com/rust-lang/crates.io-index"
checksum = "175812e0be2bccb6abe50bb8d566126198344f707e304f45c648fd8f2cc0365e"

[[package]]
name = "cc"
version = "1.2.61"
source = "registry+https://github.com/rust-lang/crates.io-index"
checksum = "d16d90359e986641506914ba71350897565610e87ce0ad9e6f28569db3dd5c6d"
dependencies = [
 "find-msvc-tools",
 "jobserver",
 "libc",
 "shlex",
]

[[package]]
name = "cfg-if"
version = "1.0.4"
source = "registry+https://github.com/rust-lang/crates.io-index"
checksum = "9330f8b2ff13f34540b44e946ef35111825727b38d33286ef986142615121801"

[[package]]
name = "crc32fast"
version = "1.5.0"
source = "registry+https://github.com/rust-lang/crates.io-index"
checksum = "9481c1c90cbf2ac953f07c8d4a58aa3945c425b7185c9154d67a65e4230da511"
dependencies = [
 "cfg-if",
]

[[package]]
name = "dary_heap"
version = "0.3.9"
source = "registry+https://github.com/rust-lang/crates.io-index"
checksum = "8b1e3a325bc115f096c8b77bbf027a7c2592230e70be2d985be950d3d5e60ebe"

[[package]]
name = "equivalent"
version = "1.0.2"
source = "registry+https://github.com/rust-lang/crates.io-index"
checksum = "877a4ace8713b0bcf2a4e7eec82529c029f1d0619886d18145fea96c3ffe5c0f"

[[package]]
name = "find-msvc-tools"
version = "0.1.9"
source = "registry+https://github.com/rust-lang/crates.io-index"
checksum = "5baebc0774151f905a1a2cc41989300b1e6fbb29aff0ceffa1064fdd3088d582"

[[package]]
name = "foldhash"
version = "0.2.0"
source = "registry+https://github.com/rust-lang/crates.io-index"
checksum = "77ce24cb58228fbb8aa041425bb1050850ac19177686ea6e0f41a70416f56fdb"

[[package]]
name = "getrandom"
version = "0.3.4"
source = "registry+https://github.com/rust-lang/crates.io-index"
checksum = "899def5c37c4fd7b2664648c28120ecec138e4d395b459e5ca34f9cce2dd77fd"
dependencies = [
 "cfg-if",
 "libc",
 "r-efi",
 "wasip2",
]

[[package]]
name = "hashbrown"
version = "0.16.1"
source = "registry+https://github.com/rust-lang/crates.io-index"
checksum = "841d1cc9bed7f9236f321df977030373f4a4163ae1a7dbfe1a51a2c1a51d9100"
dependencies = [
 "allocator-api2",
 "equivalent",
 "foldhash",
]

[[package]]
name = "heck"
version = "0.5.0"
source = "registry+https://github.com/rust-lang/crates.io-index"
checksum = "2304e00983f87ffb38b55b444b5e3b60a884b5d30c0fca7d82fe33449bbe55ea"

[[package]]
name = "include-flate"
version = "0.3.3"
source = "registry+https://github.com/rust-lang/crates.io-index"
checksum = "23e233413926ef735f7d87024466cfda5a4b87467730846bd82ea7d504121347"
dependencies = [
 "include-flate-codegen",
 "include-flate-compress",
]

[[package]]
name = "include-flate-codegen"
version = "0.3.3"
source = "registry+https://github.com/rust-lang/crates.io-index"
checksum = "5e7148f24ef8922cc0e5574ebb908729ccdd3a110c440a45165733fedadd9969"
dependencies = [
 "include-flate-compress",
 "proc-macro-error2",
 "proc-macro2",
 "quote",
 "syn",
]

[[package]]
name = "include-flate-compress"
version = "0.3.3"
source = "registry+https://github.com/rust-lang/crates.io-index"
checksum = "74783a9ed407e844e99d5e7a57bd650acbfa124cf6e97ffd790ba59d8ab8e7ff"
dependencies = [
 "libflate",
 "zstd",
]

[[package]]
name = "jieba-macros"
version = "0.11.0"
source = "registry+https://github.com/rust-lang/crates.io-index"
checksum = "2987cf45b1bfdb4ff1f6a814b1aa2ad6361f4ff43bf353a9bd29f391a9568f70"

[[package]]
name = "jieba-rs"
version = "0.11.0"
source = "registry+https://github.com/rust-lang/crates.io-index"
checksum = "0a3a7d02ea31e6fc6f2fe10495dc7c5efcf381e1f21d7172f58ba792efa1c2fd"
dependencies = [
 "bytecount",
 "include-flate",
 "jieba-macros",
 "rustc-hash",
]

[[package]]
name = "jobserver"
version = "0.1.34"
source = "registry+https://github.com/rust-lang/crates.io-index"
checksum = "9afb3de4395d6b3e67a780b6de64b51c978ecf11cb9a462c66be7d4ca9039d33"
dependencies = [
 "getrandom",
 "libc",
]

[[package]]
name = "libc"
version = "0.2.186"
source = "registry+https://github.com/rust-lang/crates.io-index"
checksum = "68ab91017fe16c622486840e4c83c9a37afeff978bd239b5293d61ece587de66"

[[package]]
name = "libflate"
version = "2.3.0"
source = "registry+https://github.com/rust-lang/crates.io-index"
checksum = "cd96e993e5f3368b0cb8497dae6c860c22af8ff18388c61c6c0b86c58d86b5df"
dependencies = [
 "adler32",
 "crc32fast",
 "dary_heap",
 "libflate_lz77",
 "no_std_io2",
]

[[package]]
name = "libflate_lz77"
version = "2.3.0"
source = "registry+https://github.com/rust-lang/crates.io-index"
checksum = "ff7a10e427698aef6eef269482776debfef63384d30f13aad39a1a95e0e098fd"
dependencies = [
 "hashbrown",
 "no_std_io2",
 "rle-decode-fast",
]

[[package]]
name = "memchr"
version = "2.8.0"
source = "registry+https://github.com/rust-lang/crates.io-index"
checksum = "f8ca58f447f06ed17d5fc4043ce1b10dd205e060fb3ce5b979b8ed8e59ff3f79"

[[package]]
name = "no_std_io2"
version = "0.9.3"
source = "registry+https://github.com/rust-lang/crates.io-index"
checksum = "b51ed7824b6e07d354605f4abb3d9d300350701299da96642ee084f5ce631550"
dependencies = [
 "memchr",
]

[[package]]
name = "once_cell"
version = "1.21.4"
source = "registry+https://github.com/rust-lang/crates.io-index"
checksum = "9f7c3e4beb33f85d45ae3e3a1792185706c8e16d043238c593331cc7cd313b50"

[[package]]
name = "pkg-config"
version = "0.3.33"
source = "registry+https://github.com/rust-lang/crates.io-index"
checksum = "19f132c84eca552bf34cab8ec81f1c1dcc229b811638f9d283dceabe58c5569e"

[[package]]
name = "portable-atomic"
version = "1.13.1"
source = "registry+https://github.com/rust-lang/crates.io-index"
checksum = "c33a9471896f1c69cecef8d20cbe2f7accd12527ce60845ff44c153bb2a21b49"

[[package]]
name = "proc-macro-error-attr2"
version = "2.0.0"
source = "registry+https://github.com/rust-lang/crates.io-index"
checksum = "96de42df36bb9bba5542fe9f1a054b8cc87e172759a1868aa05c1f3acc89dfc5"
dependencies = [
 "proc-macro2",
 "quote",
]

[[package]]
name = "proc-macro-error2"
version = "2.0.1"
source = "registry+https://github.com/rust-lang/crates.io-index"
checksum = "11ec05c52be0a07b08061f7dd003e7d7092e0472bc731b4af7bb1ef876109802"
dependencies = [
 "proc-macro-error-attr2",
 "proc-macro2",
 "quote",
 "syn",
]

[[package]]
name = "proc-macro2"
version = "1.0.106"
source = "registry+https://github.com/rust-lang/crates.io-index"
checksum = "8fd00f0bb2e90d81d1044c2b32617f68fcb9fa3bb7640c23e9c748e53fb30934"
dependencies = [
 "unicode-ident",
]

[[package]]
name = "pyo3"
version = "0.29.2"
source = "registry+https://github.com/rust-lang/crates.io-index"
checksum = "4688ddedf473e32662b9b067670129a8afb8c18e351482c70d62ba4a88171e8b"
dependencies = [
 "libc",
 "once_cell",
 "portable-atomic",
 "pyo3-build-config",
 "pyo3-ffi",
 "pyo3-macros",
]

[[package]]
name = "pyo3-build-config"
version = "0.29.2"
source = "registry+https://github.com/rust-lang/crates.io-index"
checksum = "f41027e41b4bd03f6e60f9f417fe24a6341a6bb744edd62b6f709f2a52ea30e9"
dependencies = [
 "target-lexicon",
]

[[package]]
name = "pyo3-ffi"
version = "0.29.2"
source = "registry+https://github.com/rust-lang/crates.io-index"
checksum = "e591a95526fead067432c3b3a33fc74770b87b1e04e73671090d9c2055a2b327"
dependencies = [
 "libc",
 "pyo3-build-config",
]

[[package]]
name = "pyo3-macros"
version = "0.29.2"
source = "registry+https://github.com/rust-lang/crates.io-index"
checksum = "73225868fc1cd84eef2c3c230ddb91273bf1de46aeb8a4248da76d32a0924a1c"
dependencies = [
 "proc-macro2",
 "pyo3-macros-backend",
 "quote",
 "syn",
]

[[package]]
name = "pyo3-macros-backend"
version = "0.29.2"
source = "registry+https://github.com/rust-lang/crates.io-index"
checksum = "571575aa3749fa6216757dd47d2a3e7ef360f329a40f0666a9fbd14889024952"
dependencies = [
 "heck",
 "proc-macro2",
 "quote",
 "syn",
]

[[package]]
name = "quote"
version = "1.0.45"
source = "registry+https://github.com/rust-lang/crates.io-index"
checksum = "41f2619966050689382d2b44f664f4bc593e129785a36d6ee376ddf37259b924"
dependencies = [
 "proc-macro2",
]

[[package]]
name = "r-efi"
version = "5.3.0"
source = "registry+https://github.com/rust-lang/crates.io-index"
checksum = "69cdb34c158ceb288df11e18b4bd39de994f6657d83847bdffdbd7f346754b0f"

[[package]]
name = "rjieba"
version = "0.2.1"
dependencies = [
 "jieba-rs",
 "pyo3",
]

[[package]]
name = "rle-decode-fast"
version = "1.0.3"
source = "registry+https://github.com/rust-lang/crates.io-index"
checksum = "3582f63211428f83597b51b2ddb88e2a91a9d52d12831f9d08f5e624e8977422"

[[package]]
name = "rustc-hash"
version = "2.1.2"
source = "registry+https://github.com/rust-lang/crates.io-index"
checksum = "94300abf3f1ae2e2b8ffb7b58043de3d399c73fa6f4b73826402a5c457614dbe"

[[package]]
name = "shlex"
version = "1.3.0"
source = "registry+https://github.com/rust-lang/crates.io-index"
checksum = "0fda2ff0d084019ba4d7c6f371c95d8fd75ce3524c3cb8fb653a3023f6323e64"

[[package]]
name = "syn"
version = "2.0.117"
source = "registry+https://github.com/rust-lang/crates.io-index"
checksum = "e665b8803e7b1d2a727f4023456bbbbe74da67099c585258af0ad9c5013b9b99"
dependencies = [
 "proc-macro2",
 "quote",
 "unicode-ident",
]

[[package]]
name = "target-lexicon"
version = "0.13.5"
source = "registry+https://github.com/rust-lang/crates.io-index"
checksum = "adb6935a6f5c20170eeceb1a3835a49e12e19d792f6dd344ccc76a985ca5a6ca"

[[package]]
name = "unicode-ident"
version = "1.0.24"
source = "registry+https://github.com/rust-lang/crates.io-index"
checksum = "e6e4313cd5fcd3dad5cafa179702e2b244f760991f45397d14d4ebf38247da75"

[[package]]
name = "wasip2"
version = "1.0.3+wasi-0.2.9"
source = "registry+https://github.com/rust-lang/crates.io-index"
checksum = "20064672db26d7cdc89c7798c48a0fdfac8213434a1186e5ef29fd560ae223d6"
dependencies = [
 "wit-bindgen",
]

[[package]]
name = "wit-bindgen"
version = "0.57.1"
source = "registry+https://github.com/rust-lang/crates.io-index"
checksum = "1ebf944e87a7c253233ad6766e082e3cd714b5d03812acc24c318f549614536e"

[[package]]
name = "zstd"
version = "0.13.3"
source = "registry+https://github.com/rust-lang/crates.io-index"
checksum = "e91ee311a569c327171651566e07972200e76fcfe2242a4fa446149a3881c08a"
dependencies = [
 "zstd-safe",
]

[[package]]
name = "zstd-safe"
version = "7.2.4"
source = "registry+https://github.com/rust-lang/crates.io-index"
checksum = "8f49c4d5f0abb602a93fb8736af2a4f4dd9512e36f7f570d66e65ff867ed3b9d"
dependencies = [
 "zstd-sys",
]

[[package]]
name = "zstd-sys"
version = "2.0.16+zstd.1.5.7"
source = "registry+https://github.com/rust-lang/crates.io-index"
checksum = "91e19ebc2adc8f83e43039e79776e3fda8ca919132d68a1fed6a5faca2683748"
dependencies = [
 "cc",
 "pkg-config",
]
